{
  "lockfileVersion": 1,
  "workspaces": {
    "": {
      "name": "trpc",
      "peerDependencies": {
        "typescript": "^5.8.3",
      },
    },
    "client": {
      "name": "^client",
      "dependencies": {
        "@trpc/client": "^11.1.2",
      },
      "devDependencies": {
        "@types/bun": "latest",
      },
      "peerDependencies": {
        "typescript": "^5.8.3",
      },
    },
    "server": {
      "name": "^server",
      "dependencies": {
        "@trpc/server": "^11.1.2",
        "valibot": "^1.0.0",
      },
      "devDependencies": {
        "@types/bun": "latest",
      },
      "peerDependencies": {
        "typescript": "^5",
      },
    },
  },
  "packages": {
    "@trpc/client": ["@trpc/client@11.1.2", "", { "peerDependencies": { "@trpc/server": "11.1.2", "typescript": ">=5.7.2" } }, "sha512-RpifJOAv+ql9gF3oafa3dLCF01AzWu2DzejvehAPG2IlwHxopKoYXaImJ8zPwRkZokuWiKz5v65HjElmi8TlrQ=="],

    "@trpc/server": ["@trpc/server@11.1.2", "", { "peerDependencies": { "typescript": ">=5.7.2" } }, "sha512-Oi9zWHG0ZDkbDo4sYkduoV7q4sIe6UwjrRLC91vNMYQK+PVgpbTCmK1laRwewAGu0zaayqcGDosANjceOIC3GA=="],

    "@types/bun": ["@types/bun@1.2.11", "", { "dependencies": { "bun-types": "1.2.11" } }, "sha512-ZLbbI91EmmGwlWTRWuV6J19IUiUC5YQ3TCEuSHI3usIP75kuoA8/0PVF+LTrbEnVc8JIhpElWOxv1ocI1fJBbw=="],

    "@types/node": ["@types/node@22.15.3", "", { "dependencies": { "undici-types": "~6.21.0" } }, "sha512-lX7HFZeHf4QG/J7tBZqrCAXwz9J5RD56Y6MpP0eJkka8p+K0RY/yBTW7CYFJ4VGCclxqOLKmiGP5juQc6MKgcw=="],

    "^client": ["^client@workspace:client"],

    "^server": ["^server@workspace:server"],

    "bun-types": ["bun-types@1.2.11", "", { "dependencies": { "@types/node": "*" } }, "sha512-dbkp5Lo8HDrXkLrONm6bk+yiiYQSntvFUzQp0v3pzTAsXk6FtgVMjdQ+lzFNVAmQFUkPQZ3WMZqH5tTo+Dp/IA=="],

    "typescript": ["typescript@5.8.3", "", { "bin": { "tsc": "bin/tsc", "tsserver": "bin/tsserver" } }, "sha512-p1diW6TqL9L07nNxvRMM7hMMw4c5XOo/1ibL4aAIGmSAt9slTE1Xgw5KWuof2uTOvCg9BY7ZRi+GaF+7sfgPeQ=="],

    "undici-types": ["undici-types@6.21.0", "", {}, "sha512-iwDZqg0QAGrg9Rav5H4n0M64c3mkR59cJ6wQp+7C4nI0gsmExaedaYLNO44eT4AtBBwjbTiGPMlt2Md0T9H9JQ=="],

    "valibot": ["valibot@1.0.0", "", { "peerDependencies": { "typescript": ">=5" }, "optionalPeers": ["typescript"] }, "sha512-1Hc0ihzWxBar6NGeZv7fPLY0QuxFMyxwYR2sF1Blu7Wq7EnremwY2W02tit2ij2VJT8HcSkHAQqmFfl77f73Yw=="],
  }
}
